
Microsoft Visual Studio Solution File, Format Version 12.00
# Visual Studio 15
VisualStudioVersion = 15.0.27703.2035
MinimumVisualStudioVersion = 10.0.40219.1
Project("{F184B08F-C81C-45F6-A57F-5ABD9991F28F}") = "ParallelTest1", "ParallelTest1\ParallelTest1.vbproj", "{98706567-3B7A-4F5C-8292-693F8EF0B45E}"
EndProject
Global
	GlobalSection(SolutionConfigurationPlatforms) = preSolution
		Debug|Any CPU = Debug|Any CPU
		Release|Any CPU = Release|Any CPU
	EndGlobalSection
	GlobalSection(ProjectConfigurationPlatforms) = postSolution
		{98706567-3B7A-4F5C-8292-693F8EF0B45E}.Debug|Any CPU.ActiveCfg = Debug|Any CPU
		{98706567-3B7A-4F5C-8292-693F8EF0B45E}.Debug|Any CPU.Build.0 = Debug|Any CPU
		{98706567-3B7A-4F5C-8292-693F8EF0B45E}.Release|Any CPU.ActiveCfg = Release|Any CPU
		{98706567-3B7A-4F5C-8292-693F8EF0B45E}.Release|Any CPU.Build.0 = Release|Any CPU
	EndGlobalSection
	GlobalSection(SolutionProperties) = preSolution
		HideSolutionNode = FALSE
	EndGlobalSection
	GlobalSection(ExtensibilityGlobals) = postSolution
		SolutionGuid = {E812A297-3BC0-4DB6-A430-7630C83DE8DC}
	EndGlobalSection
EndGlobal
